// !$*UTF8*$!
{
	archiveVersion = 1;
	classes = {
	};
	objectVersion = 50;
	objects = {

/* Begin PBXBuildFile section */
		EC0B205D209DBF5E008E2E18 /* AppDelegate.swift in Sources */ = {isa = PBXBuildFile; fileRef = EC0B205C209DBF5E008E2E18 /* AppDelegate.swift */; };
		EC0B2064209DBF5E008E2E18 /* Main.storyboard in Resources */ = {isa = PBXBuildFile; fileRef = EC0B2062209DBF5E008E2E18 /* Main.storyboard */; };
		EC0B2066209DBF5F008E2E18 /* Assets.xcassets in Resources */ = {isa = PBXBuildFile; fileRef = EC0B2065209DBF5F008E2E18 /* Assets.xcassets */; };
		EC0B2069209DBF5F008E2E18 /* LaunchScreen.storyboard in Resources */ = {isa = PBXBuildFile; fileRef = EC0B2067209DBF5F008E2E18 /* LaunchScreen.storyboard */; };
		EC0B2074209DBF60008E2E18 /* redditTests.swift in Sources */ = {isa = PBXBuildFile; fileRef = EC0B2073209DBF60008E2E18 /* redditTests.swift */; };
		EC0B207F209DBF60008E2E18 /* redditUITests.swift in Sources */ = {isa = PBXBuildFile; fileRef = EC0B207E209DBF60008E2E18 /* redditUITests.swift */; };
		EC0B2096209DC0C0008E2E18 /* Repository.swift in Sources */ = {isa = PBXBuildFile; fileRef = EC0B2095209DC0C0008E2E18 /* Repository.swift */; };
		EC0B2098209DC0CF008E2E18 /* Topic.swift in Sources */ = {isa = PBXBuildFile; fileRef = EC0B2097209DC0CF008E2E18 /* Topic.swift */; };
		EC0B209A209DC209008E2E18 /* TopicRespository.swift in Sources */ = {isa = PBXBuildFile; fileRef = EC0B2099209DC209008E2E18 /* TopicRespository.swift */; };
/* End PBXBuildFile section */

/* Begin PBXContainerItemProxy section */
		EC0B2070209DBF5F008E2E18 /* PBXContainerItemProxy */ = {
			isa = PBXContainerItemProxy;
			containerPortal = EC0B2051209DBF5E008E2E18 /* Project object */;
			proxyType = 1;
			remoteGlobalIDString = EC0B2058209DBF5E008E2E18;
			remoteInfo = reddit;
		};
		EC0B207B209DBF60008E2E18 /* PBXContainerItemProxy */ = {
			isa = PBXContainerItemProxy;
			containerPortal = EC0B2051209DBF5E008E2E18 /* Project object */;
			proxyType = 1;
			remoteGlobalIDString = EC0B2058209DBF5E008E2E18;
			remoteInfo = reddit;
		};
/* End PBXContainerItemProxy section */

/* Begin PBXFileReference section */
		EC0B2059209DBF5E008E2E18 /* reddit.app */ = {isa = PBXFileReference; explicitFileType = wrapper.application; includeInIndex = 0; path = reddit.app; sourceTree = BUILT_PRODUCTS_DIR; };
		EC0B205C209DBF5E008E2E18 /* AppDelegate.swift */ = {isa = PBXFileReference; lastKnownFileType = sourcecode.swift; path = AppDelegate.swift; sourceTree = "<group>"; };
		EC0B2063209DBF5E008E2E18 /* Base */ = {isa = PBXFileReference; lastKnownFileType = file.storyboard; name = Base; path = Base.lproj/Main.storyboard; sourceTree = "<group>"; };
		EC0B2065209DBF5F008E2E18 /* Assets.xcassets */ = {isa = PBXFileReference; lastKnownFileType = folder.assetcatalog; path = Assets.xcassets; sourceTree = "<group>"; };
		EC0B2068209DBF5F008E2E18 /* Base */ = {isa = PBXFileReference; lastKnownFileType = file.storyboard; name = Base; path = Base.lproj/LaunchScreen.storyboard; sourceTree = "<group>"; };
		EC0B206A209DBF5F008E2E18 /* Info.plist */ = {isa = PBXFileReference; lastKnownFileType = text.plist.xml; path = Info.plist; sourceTree = "<group>"; };
		EC0B206F209DBF5F008E2E18 /* redditTests.xctest */ = {isa = PBXFileReference; explicitFileType = wrapper.cfbundle; includeInIndex = 0; path = redditTests.xctest; sourceTree = BUILT_PRODUCTS_DIR; };
		EC0B2073209DBF60008E2E18 /* redditTests.swift */ = {isa = PBXFileReference; lastKnownFileType = sourcecode.swift; path = redditTests.swift; sourceTree = "<group>"; };
		EC0B2075209DBF60008E2E18 /* Info.plist */ = {isa = PBXFileReference; lastKnownFileType = text.plist.xml; path = Info.plist; sourceTree = "<group>"; };
		EC0B207A209DBF60008E2E18 /* redditUITests.xctest */ = {isa = PBXFileReference; explicitFileType = wrapper.cfbundle; includeInIndex = 0; path = redditUITests.xctest; sourceTree = BUILT_PRODUCTS_DIR; };
		EC0B207E209DBF60008E2E18 /* redditUITests.swift */ = {isa = PBXFileReference; lastKnownFileType = sourcecode.swift; path = redditUITests.swift; sourceTree = "<group>"; };
		EC0B2080209DBF60008E2E18 /* Info.plist */ = {isa = PBXFileReference; lastKnownFileType = text.plist.xml; path = Info.plist; sourceTree = "<group>"; };
		EC0B2095209DC0C0008E2E18 /* Repository.swift */ = {isa = PBXFileReference; lastKnownFileType = sourcecode.swift; path = Repository.swift; sourceTree = "<group>"; };
		EC0B2097209DC0CF008E2E18 /* Topic.swift */ = {isa = PBXFileReference; lastKnownFileType = sourcecode.swift; path = Topic.swift; sourceTree = "<group>"; };
		EC0B2099209DC209008E2E18 /* TopicRespository.swift */ = {isa = PBXFileReference; lastKnownFileType = sourcecode.swift; path = TopicRespository.swift; sourceTree = "<group>"; };
/* End PBXFileReference section */

/* Begin PBXFrameworksBuildPhase section */
		EC0B2056209DBF5E008E2E18 /* Frameworks */ = {
			isa = PBXFrameworksBuildPhase;
			buildActionMask = 2147483647;
			files = (
			);
			runOnlyForDeploymentPostprocessing = 0;
		};
		EC0B206C209DBF5F008E2E18 /* Frameworks */ = {
			isa = PBXFrameworksBuildPhase;
			buildActionMask = 2147483647;
			files = (
			);
			runOnlyForDeploymentPostprocessing = 0;
		};
		EC0B2077209DBF60008E2E18 /* Frameworks */ = {
			isa = PBXFrameworksBuildPhase;
			buildActionMask = 2147483647;
			files = (
			);
			runOnlyForDeploymentPostprocessing = 0;
		};
/* End PBXFrameworksBuildPhase section */

/* Begin PBXGroup section */
		EC0B2050209DBF5E008E2E18 = {
			isa = PBXGroup;
			children = (
				EC0B205B209DBF5E008E2E18 /* reddit */,
				EC0B2072209DBF60008E2E18 /* redditTests */,
				EC0B207D209DBF60008E2E18 /* redditUITests */,
				EC0B205A209DBF5E008E2E18 /* Products */,
			);
			sourceTree = "<group>";
		};
		EC0B205A209DBF5E008E2E18 /* Products */ = {
			isa = PBXGroup;
			children = (
				EC0B2059209DBF5E008E2E18 /* reddit.app */,
				EC0B206F209DBF5F008E2E18 /* redditTests.xctest */,
				EC0B207A209DBF60008E2E18 /* redditUITests.xctest */,
			);
			name = Products;
			sourceTree = "<group>";
		};
		EC0B205B209DBF5E008E2E18 /* reddit */ = {
			isa = PBXGroup;
			children = (
				EC0B208C209DC060008E2E18 /* Cell */,
				EC0B208D209DC060008E2E18 /* DataSource */,
				EC0B2093209DC061008E2E18 /* Extension */,
				EC0B2091209DC060008E2E18 /* Model */,
				EC0B2092209DC061008E2E18 /* Repository */,
				EC0B208E209DC060008E2E18 /* Utility */,
				EC0B2094209DC061008E2E18 /* View */,
				EC0B208F209DC060008E2E18 /* ViewController */,
				EC0B2090209DC060008E2E18 /* ViewModel */,
				EC0B205C209DBF5E008E2E18 /* AppDelegate.swift */,
				EC0B2062209DBF5E008E2E18 /* Main.storyboard */,
				EC0B2065209DBF5F008E2E18 /* Assets.xcassets */,
				EC0B2067209DBF5F008E2E18 /* LaunchScreen.storyboard */,
				EC0B206A209DBF5F008E2E18 /* Info.plist */,
			);
			path = reddit;
			sourceTree = "<group>";
		};
		EC0B2072209DBF60008E2E18 /* redditTests */ = {
			isa = PBXGroup;
			children = (
				EC0B2073209DBF60008E2E18 /* redditTests.swift */,
				EC0B2075209DBF60008E2E18 /* Info.plist */,
			);
			path = redditTests;
			sourceTree = "<group>";
		};
		EC0B207D209DBF60008E2E18 /* redditUITests */ = {
			isa = PBXGroup;
			children = (
				EC0B207E209DBF60008E2E18 /* redditUITests.swift */,
				EC0B2080209DBF60008E2E18 /* Info.plist */,
			);
			path = redditUITests;
			sourceTree = "<group>";
		};
		EC0B208C209DC060008E2E18 /* Cell */ = {
			isa = PBXGroup;
			children = (
			);
			path = Cell;
			sourceTree = "<group>";
		};
		EC0B208D209DC060008E2E18 /* DataSource */ = {
			isa = PBXGroup;
			children = (
			);
			path = DataSource;
			sourceTree = "<group>";
		};
		EC0B208E209DC060008E2E18 /* Utility */ = {
			isa = PBXGroup;
			children = (
			);
			path = Utility;
			sourceTree = "<group>";
		};
		EC0B208F209DC060008E2E18 /* ViewController */ = {
			isa = PBXGroup;
			children = (
			);
			path = ViewController;
			sourceTree = "<group>";
		};
		EC0B2090209DC060008E2E18 /* ViewModel */ = {
			isa = PBXGroup;
			children = (
			);
			path = ViewModel;
			sourceTree = "<group>";
		};
		EC0B2091209DC060008E2E18 /* Model */ = {
			isa = PBXGroup;
			children = (
				EC0B2097209DC0CF008E2E18 /* Topic.swift */,
			);
			path = Model;
			sourceTree = "<group>";
		};
		EC0B2092209DC061008E2E18 /* Repository */ = {
			isa = PBXGroup;
			children = (
				EC0B2095209DC0C0008E2E18 /* Repository.swift */,
				EC0B2099209DC209008E2E18 /* TopicRespository.swift */,
			);
			path = Repository;
			sourceTree = "<group>";
		};
		EC0B2093209DC061008E2E18 /* Extension */ = {
			isa = PBXGroup;
			children = (
			);
			path = Extension;
			sourceTree = "<group>";
		};
		EC0B2094209DC061008E2E18 /* View */ = {
			isa = PBXGroup;
			children = (
			);
			path = View;
			sourceTree = "<group>";
		};
/* End PBXGroup section */

/* Begin PBXNativeTarget section */
		EC0B2058209DBF5E008E2E18 /* reddit */ = {
			isa = PBXNativeTarget;
			buildConfigurationList = EC0B2083209DBF60008E2E18 /* Build configuration list for PBXNativeTarget "reddit" */;
			buildPhases = (
				EC0B2055209DBF5E008E2E18 /* Sources */,
				EC0B2056209DBF5E008E2E18 /* Frameworks */,
				EC0B2057209DBF5E008E2E18 /* Resources */,
			);
			buildRules = (
			);
			dependencies = (
			);
			name = reddit;
			productName = reddit;
			productReference = EC0B2059209DBF5E008E2E18 /* reddit.app */;
			productType = "com.apple.product-type.application";
		};
		EC0B206E209DBF5F008E2E18 /* redditTests */ = {
			isa = PBXNativeTarget;
			buildConfigurationList = EC0B2086209DBF60008E2E18 /* Build configuration list for PBXNativeTarget "redditTests" */;
			buildPhases = (
				EC0B206B209DBF5F008E2E18 /* Sources */,
				EC0B206C209DBF5F008E2E18 /* Frameworks */,
				EC0B206D209DBF5F008E2E18 /* Resources */,
			);
			buildRules = (
			);
			dependencies = (
				EC0B2071209DBF5F008E2E18 /* PBXTargetDependency */,
			);
			name = redditTests;
			productName = redditTests;
			productReference = EC0B206F209DBF5F008E2E18 /* redditTests.xctest */;
			productType = "com.apple.product-type.bundle.unit-test";
		};
		EC0B2079209DBF60008E2E18 /* redditUITests */ = {
			isa = PBXNativeTarget;
			buildConfigurationList = EC0B2089209DBF60008E2E18 /* Build configuration list for PBXNativeTarget "redditUITests" */;
			buildPhases = (
				EC0B2076209DBF60008E2E18 /* Sources */,
				EC0B2077209DBF60008E2E18 /* Frameworks */,
				EC0B2078209DBF60008E2E18 /* Resources */,
			);
			buildRules = (
			);
			dependencies = (
				EC0B207C209DBF60008E2E18 /* PBXTargetDependency */,
			);
			name = redditUITests;
			productName = redditUITests;
			productReference = EC0B207A209DBF60008E2E18 /* redditUITests.xctest */;
			productType = "com.apple.product-type.bundle.ui-testing";
		};
/* End PBXNativeTarget section */

/* Begin PBXProject section */
		EC0B2051209DBF5E008E2E18 /* Project object */ = {
			isa = PBXProject;
			attributes = {
				LastSwiftUpdateCheck = 0930;
				LastUpgradeCheck = 0930;
				ORGANIZATIONNAME = "Cheah Bee Kim";
				TargetAttributes = {
					EC0B2058209DBF5E008E2E18 = {
						CreatedOnToolsVersion = 9.3;
					};
					EC0B206E209DBF5F008E2E18 = {
						CreatedOnToolsVersion = 9.3;
						TestTargetID = EC0B2058209DBF5E008E2E18;
					};
					EC0B2079209DBF60008E2E18 = {
						CreatedOnToolsVersion = 9.3;
						TestTargetID = EC0B2058209DBF5E008E2E18;
					};
				};
			};
			buildConfigurationList = EC0B2054209DBF5E008E2E18 /* Build configuration list for PBXProject "reddit" */;
			compatibilityVersion = "Xcode 9.3";
			developmentRegion = en;
			hasScannedForEncodings = 0;
			knownRegions = (
				en,
				Base,
			);
			mainGroup = EC0B2050209DBF5E008E2E18;
			productRefGroup = EC0B205A209DBF5E008E2E18 /* Products */;
			projectDirPath = "";
			projectRoot = "";
			targets = (
				EC0B2058209DBF5E008E2E18 /* reddit */,
				EC0B206E209DBF5F008E2E18 /* redditTests */,
				EC0B2079209DBF60008E2E18 /* redditUITests */,
			);
		};
/* End PBXProject section */

/* Begin PBXResourcesBuildPhase section */
		EC0B2057209DBF5E008E2E18 /* Resources */ = {
			isa = PBXResourcesBuildPhase;
			buildActionMask = 2147483647;
			files = (
				EC0B2069209DBF5F008E2E18 /* LaunchScreen.storyboard in Resources */,
				EC0B2066209DBF5F008E2E18 /* Assets.xcassets in Resources */,
				EC0B2064209DBF5E008E2E18 /* Main.storyboard in Resources */,
			);
			runOnlyForDeploymentPostprocessing = 0;
		};
		EC0B206D209DBF5F008E2E18 /* Resources */ = {
			isa = PBXResourcesBuildPhase;
			buildActionMask = 2147483647;
			files = (
			);
			runOnlyForDeploymentPostprocessing = 0;
		};
		EC0B2078209DBF60008E2E18 /* Resources */ = {
			isa = PBXResourcesBuildPhase;
			buildActionMask = 2147483647;
			files = (
			);
			runOnlyForDeploymentPostprocessing = 0;
		};
/* End PBXResourcesBuildPhase section */

/* Begin PBXSourcesBuildPhase section */
		EC0B2055209DBF5E008E2E18 /* Sources */ = {
			isa = PBXSourcesBuildPhase;
			buildActionMask = 2147483647;
			files = (
				EC0B205D209DBF5E008E2E18 /* AppDelegate.swift in Sources */,
				EC0B2098209DC0CF008E2E18 /* Topic.swift in Sources */,
				EC0B2096209DC0C0008E2E18 /* Repository.swift in Sources */,
				EC0B209A209DC209008E2E18 /* TopicRespository.swift in Sources */,
			);
			runOnlyForDeploymentPostprocessing = 0;
		};
		EC0B206B209DBF5F008E2E18 /* Sources */ = {
			isa = PBXSourcesBuildPhase;
			buildActionMask = 2147483647;
			files = (
				EC0B2074209DBF60008E2E18 /* redditTests.swift in Sources */,
			);
			runOnlyForDeploymentPostprocessing = 0;
		};
		EC0B2076209DBF60008E2E18 /* Sources */ = {
			isa = PBXSourcesBuildPhase;
			buildActionMask = 2147483647;
			files = (
				EC0B207F209DBF60008E2E18 /* redditUITests.swift in Sources */,
			);
			runOnlyForDeploymentPostprocessing = 0;
		};
/* End PBXSourcesBuildPhase section */

/* Begin PBXTargetDependency section */
		EC0B2071209DBF5F008E2E18 /* PBXTargetDependency */ = {
			isa = PBXTargetDependency;
			target = EC0B2058209DBF5E008E2E18 /* reddit */;
			targetProxy = EC0B2070209DBF5F008E2E18 /* PBXContainerItemProxy */;
		};
		EC0B207C209DBF60008E2E18 /* PBXTargetDependency */ = {
			isa = PBXTargetDependency;
			target = EC0B2058209DBF5E008E2E18 /* reddit */;
			targetProxy = EC0B207B209DBF60008E2E18 /* PBXContainerItemProxy */;
		};
/* End PBXTargetDependency section */

/* Begin PBXVariantGroup section */
		EC0B2062209DBF5E008E2E18 /* Main.storyboard */ = {
			isa = PBXVariantGroup;
			children = (
				EC0B2063209DBF5E008E2E18 /* Base */,
			);
			name = Main.storyboard;
			sourceTree = "<group>";
		};
		EC0B2067209DBF5F008E2E18 /* LaunchScreen.storyboard */ = {
			isa = PBXVariantGroup;
			children = (
				EC0B2068209DBF5F008E2E18 /* Base */,
			);
			name = LaunchScreen.storyboard;
			sourceTree = "<group>";
		};
/* End PBXVariantGroup section */

/* Begin XCBuildConfiguration section */
		EC0B2081209DBF60008E2E18 /* Debug */ = {
			isa = XCBuildConfiguration;
			buildSettings = {
				ALWAYS_SEARCH_USER_PATHS = NO;
				CLANG_ANALYZER_NONNULL = YES;
				CLANG_ANALYZER_NUMBER_OBJECT_CONVERSION = YES_AGGRESSIVE;
				CLANG_CXX_LANGUAGE_STANDARD = "gnu++14";
				CLANG_CXX_LIBRARY = "libc++";
				CLANG_ENABLE_MODULES = YES;
				CLANG_ENABLE_OBJC_ARC = YES;
				CLANG_ENABLE_OBJC_WEAK = YES;
				CLANG_WARN_BLOCK_CAPTURE_AUTORELEASING = YES;
				CLANG_WARN_BOOL_CONVERSION = YES;
				CLANG_WARN_COMMA = YES;
				CLANG_WARN_CONSTANT_CONVERSION = YES;
				CLANG_WARN_DEPRECATED_OBJC_IMPLEMENTATIONS = YES;
				CLANG_WARN_DIRECT_OBJC_ISA_USAGE = YES_ERROR;
				CLANG_WARN_DOCUMENTATION_COMMENTS = YES;
				CLANG_WARN_EMPTY_BODY = YES;
				CLANG_WARN_ENUM_CONVERSION = YES;
				CLANG_WARN_INFINITE_RECURSION = YES;
				CLANG_WARN_INT_CONVERSION = YES;
				CLANG_WARN_NON_LITERAL_NULL_CONVERSION = YES;
				CLANG_WARN_OBJC_IMPLICIT_RETAIN_SELF = YES;
				CLANG_WARN_OBJC_LITERAL_CONVERSION = YES;
				CLANG_WARN_OBJC_ROOT_CLASS = YES_ERROR;
				CLANG_WARN_RANGE_LOOP_ANALYSIS = YES;
				CLANG_WARN_STRICT_PROTOTYPES = YES;
				CLANG_WARN_SUSPICIOUS_MOVE = YES;
				CLANG_WARN_UNGUARDED_AVAILABILITY = YES_AGGRESSIVE;
				CLANG_WARN_UNREACHABLE_CODE = YES;
				CLANG_WARN__DUPLICATE_METHOD_MATCH = YES;
				CODE_SIGN_IDENTITY = "iPhone Developer";
				COPY_PHASE_STRIP = NO;
				DEBUG_INFORMATION_FORMAT = dwarf;
				ENABLE_STRICT_OBJC_MSGSEND = YES;
				ENABLE_TESTABILITY = YES;
				GCC_C_LANGUAGE_STANDARD = gnu11;
				GCC_DYNAMIC_NO_PIC = NO;
				GCC_NO_COMMON_BLOCKS = YES;
				GCC_OPTIMIZATION_LEVEL = 0;
				GCC_PREPROCESSOR_DEFINITIONS = (
					"DEBUG=1",
					"$(inherited)",
				);
				GCC_WARN_64_TO_32_BIT_CONVERSION = YES;
				GCC_WARN_ABOUT_RETURN_TYPE = YES_ERROR;
				GCC_WARN_UNDECLARED_SELECTOR = YES;
				GCC_WARN_UNINITIALIZED_AUTOS = YES_AGGRESSIVE;
				GCC_WARN_UNUSED_FUNCTION = YES;
				GCC_WARN_UNUSED_VARIABLE = YES;
				IPHONEOS_DEPLOYMENT_TARGET = 11.3;
				MTL_ENABLE_DEBUG_INFO = YES;
				ONLY_ACTIVE_ARCH = YES;
				SDKROOT = iphoneos;
				SWIFT_ACTIVE_COMPILATION_CONDITIONS = DEBUG;
				SWIFT_OPTIMIZATION_LEVEL = "-Onone";
			};
			name = Debug;
		};
		EC0B2082209DBF60008E2E18 /* Release */ = {
			isa = XCBuildConfiguration;
			buildSettings = {
				ALWAYS_SEARCH_USER_PATHS = NO;
				CLANG_ANALYZER_NONNULL = YES;
				CLANG_ANALYZER_NUMBER_OBJECT_CONVERSION = YES_AGGRESSIVE;
				CLANG_CXX_LANGUAGE_STANDARD = "gnu++14";
				CLANG_CXX_LIBRARY = "libc++";
				CLANG_ENABLE_MODULES = YES;
				CLANG_ENABLE_OBJC_ARC = YES;
				CLANG_ENABLE_OBJC_WEAK = YES;
				CLANG_WARN_BLOCK_CAPTURE_AUTORELEASING = YES;
				CLANG_WARN_BOOL_CONVERSION = YES;
				CLANG_WARN_COMMA = YES;
				CLANG_WARN_CONSTANT_CONVERSION = YES;
				CLANG_WARN_DEPRECATED_OBJC_IMPLEMENTATIONS = YES;
				CLANG_WARN_DIRECT_OBJC_ISA_USAGE = YES_ERROR;
				CLANG_WARN_DOCUMENTATION_COMMENTS = YES;
				CLANG_WARN_EMPTY_BODY = YES;
				CLANG_WARN_ENUM_CONVERSION = YES;
				CLANG_WARN_INFINITE_RECURSION = YES;
				CLANG_WARN_INT_CONVERSION = YES;
				CLANG_WARN_NON_LITERAL_NULL_CONVERSION = YES;
				CLANG_WARN_OBJC_IMPLICIT_RETAIN_SELF = YES;
				CLANG_WARN_OBJC_LITERAL_CONVERSION = YES;
				CLANG_WARN_OBJC_ROOT_CLASS = YES_ERROR;
				CLANG_WARN_RANGE_LOOP_ANALYSIS = YES;
				CLANG_WARN_STRICT_PROTOTYPES = YES;
				CLANG_WARN_SUSPICIOUS_MOVE = YES;
				CLANG_WARN_UNGUARDED_AVAILABILITY = YES_AGGRESSIVE;
				CLANG_WARN_UNREACHABLE_CODE = YES;
				CLANG_WARN__DUPLICATE_METHOD_MATCH = YES;
				CODE_SIGN_IDENTITY = "iPhone Developer";
				COPY_PHASE_STRIP = NO;
				DEBUG_INFORMATION_FORMAT = "dwarf-with-dsym";
				ENABLE_NS_ASSERTIONS = NO;
				ENABLE_STRICT_OBJC_MSGSEND = YES;
				GCC_C_LANGUAGE_STANDARD = gnu11;
				GCC_NO_COMMON_BLOCKS = YES;
				GCC_WARN_64_TO_32_BIT_CONVERSION = YES;
				GCC_WARN_ABOUT_RETURN_TYPE = YES_ERROR;
				GCC_WARN_UNDECLARED_SELECTOR = YES;
				GCC_WARN_UNINITIALIZED_AUTOS = YES_AGGRESSIVE;
				GCC_WARN_UNUSED_FUNCTION = YES;
				GCC_WARN_UNUSED_VARIABLE = YES;
				IPHONEOS_DEPLOYMENT_TARGET = 11.3;
				MTL_ENABLE_DEBUG_INFO = NO;
				SDKROOT = iphoneos;
				SWIFT_COMPILATION_MODE = wholemodule;
				SWIFT_OPTIMIZATION_LEVEL = "-O";
				VALIDATE_PRODUCT = YES;
			};
			name = Release;
		};
		EC0B2084209DBF60008E2E18 /* Debug */ = {
			isa = XCBuildConfiguration;
			buildSettings = {
				ASSETCATALOG_COMPILER_APPICON_NAME = AppIcon;
				CODE_SIGN_STYLE = Automatic;
				DEVELOPMENT_TEAM = YTZY3UFQ6W;
				INFOPLIST_FILE = reddit/Info.plist;
				LD_RUNPATH_SEARCH_PATHS = (
					"$(inherited)",
					"@executable_path/Frameworks",
				);
				PRODUCT_BUNDLE_IDENTIFIER = my.com.romy.reddit;
				PRODUCT_NAME = "$(TARGET_NAME)";
				SWIFT_VERSION = 4.0;
				TARGETED_DEVICE_FAMILY = "1,2";
			};
			name = Debug;
		};
		EC0B2085209DBF60008E2E18 /* Release */ = {
			isa = XCBuildConfiguration;
			buildSettings = {
				ASSETCATALOG_COMPILER_APPICON_NAME = AppIcon;
				CODE_SIGN_STYLE = Automatic;
				DEVELOPMENT_TEAM = YTZY3UFQ6W;
				INFOPLIST_FILE = reddit/Info.plist;
				LD_RUNPATH_SEARCH_PATHS = (
					"$(inherited)",
					"@executable_path/Frameworks",
				);
				PRODUCT_BUNDLE_IDENTIFIER = my.com.romy.reddit;
				PRODUCT_NAME = "$(TARGET_NAME)";
				SWIFT_VERSION = 4.0;
				TARGETED_DEVICE_FAMILY = "1,2";
			};
			name = Release;
		};
		EC0B2087209DBF60008E2E18 /* Debug */ = {
			isa = XCBuildConfiguration;
			buildSettings = {
				ALWAYS_EMBED_SWIFT_STANDARD_LIBRARIES = YES;
				BUNDLE_LOADER = "$(TEST_HOST)";
				CODE_SIGN_STYLE = Automatic;
				DEVELOPMENT_TEAM = YTZY3UFQ6W;
				INFOPLIST_FILE = redditTests/Info.plist;
				LD_RUNPATH_SEARCH_PATHS = (
					"$(inherited)",
					"@executable_path/Frameworks",
					"@loader_path/Frameworks",
				);
				PRODUCT_BUNDLE_IDENTIFIER = my.com.romy.redditTests;
				PRODUCT_NAME = "$(TARGET_NAME)";
				SWIFT_VERSION = 4.0;
				TARGETED_DEVICE_FAMILY = "1,2";
				TEST_HOST = "$(BUILT_PRODUCTS_DIR)/reddit.app/reddit";
			};
			name = Debug;
		};
		EC0B2088209DBF60008E2E18 /* Release */ = {
			isa = XCBuildConfiguration;
			buildSettings = {
				ALWAYS_EMBED_SWIFT_STANDARD_LIBRARIES = YES;
				BUNDLE_LOADER = "$(TEST_HOST)";
				CODE_SIGN_STYLE = Automatic;
				DEVELOPMENT_TEAM = YTZY3UFQ6W;
				INFOPLIST_FILE = redditTests/Info.plist;
				LD_RUNPATH_SEARCH_PATHS = (
					"$(inherited)",
					"@executable_path/Frameworks",
					"@loader_path/Frameworks",
				);
				PRODUCT_BUNDLE_IDENTIFIER = my.com.romy.redditTests;
				PRODUCT_NAME = "$(TARGET_NAME)";
				SWIFT_VERSION = 4.0;
				TARGETED_DEVICE_FAMILY = "1,2";
				TEST_HOST = "$(BUILT_PRODUCTS_DIR)/reddit.app/reddit";
			};
			name = Release;
		};
		EC0B208A209DBF60008E2E18 /* Debug */ = {
			isa = XCBuildConfiguration;
			buildSettings = {
				ALWAYS_EMBED_SWIFT_STANDARD_LIBRARIES = YES;
				CODE_SIGN_STYLE = Automatic;
				DEVELOPMENT_TEAM = YTZY3UFQ6W;
				INFOPLIST_FILE = redditUITests/Info.plist;
				LD_RUNPATH_SEARCH_PATHS = (
					"$(inherited)",
					"@executable_path/Frameworks",
					"@loader_path/Frameworks",
				);
				PRODUCT_BUNDLE_IDENTIFIER = my.com.romy.redditUITests;
				PRODUCT_NAME = "$(TARGET_NAME)";
				SWIFT_VERSION = 4.0;
				TARGETED_DEVICE_FAMILY = "1,2";
				TEST_TARGET_NAME = reddit;
			};
			name = Debug;
		};
		EC0B208B209DBF60008E2E18 /* Release */ = {
			isa = XCBuildConfiguration;
			buildSettings = {
				ALWAYS_EMBED_SWIFT_STANDARD_LIBRARIES = YES;
				CODE_SIGN_STYLE = Automatic;
				DEVELOPMENT_TEAM = YTZY3UFQ6W;
				INFOPLIST_FILE = redditUITests/Info.plist;
				LD_RUNPATH_SEARCH_PATHS = (
					"$(inherited)",
					"@executable_path/Frameworks",
					"@loader_path/Frameworks",
				);
				PRODUCT_BUNDLE_IDENTIFIER = my.com.romy.redditUITests;
				PRODUCT_NAME = "$(TARGET_NAME)";
				SWIFT_VERSION = 4.0;
				TARGETED_DEVICE_FAMILY = "1,2";
				TEST_TARGET_NAME = reddit;
			};
			name = Release;
		};
/* End XCBuildConfiguration section */

/* Begin XCConfigurationList section */
		EC0B2054209DBF5E008E2E18 /* Build configuration list for PBXProject "reddit" */ = {
			isa = XCConfigurationList;
			buildConfigurations = (
				EC0B2081209DBF60008E2E18 /* Debug */,
				EC0B2082209DBF60008E2E18 /* Release */,
			);
			defaultConfigurationIsVisible = 0;
			defaultConfigurationName = Release;
		};
		EC0B2083209DBF60008E2E18 /* Build configuration list for PBXNativeTarget "reddit" */ = {
			isa = XCConfigurationList;
			buildConfigurations = (
				EC0B2084209DBF60008E2E18 /* Debug */,
				EC0B2085209DBF60008E2E18 /* Release */,
			);
			defaultConfigurationIsVisible = 0;
			defaultConfigurationName = Release;
		};
		EC0B2086209DBF60008E2E18 /* Build configuration list for PBXNativeTarget "redditTests" */ = {
			isa = XCConfigurationList;
			buildConfigurations = (
				EC0B2087209DBF60008E2E18 /* Debug */,
				EC0B2088209DBF60008E2E18 /* Release */,
			);
			defaultConfigurationIsVisible = 0;
			defaultConfigurationName = Release;
		};
		EC0B2089209DBF60008E2E18 /* Build configuration list for PBXNativeTarget "redditUITests" */ = {
			isa = XCConfigurationList;
			buildConfigurations = (
				EC0B208A209DBF60008E2E18 /* Debug */,
				EC0B208B209DBF60008E2E18 /* Release */,
			);
			defaultConfigurationIsVisible = 0;
			defaultConfigurationName = Release;
		};
/* End XCConfigurationList section */
	};
	rootObject = EC0B2051209DBF5E008E2E18 /* Project object */;
}
